
Microsoft Visual Studio Solution File, Format Version 12.00
# Visual Studio Version 16
VisualStudioVersion = 16.0.31624.102
MinimumVisualStudioVersion = 10.0.40219.1
Project("{9A19103F-16F7-4668-BE54-9A1E7A4F7556}") = "GestionDesStagePS.Server", "GestionDesStagePS\Server\GestionDesStagePS.Server.csproj", "{8B9955E6-4831-4EEF-A417-C0FF72F02A23}"
EndProject
Project("{9A19103F-16F7-4668-BE54-9A1E7A4F7556}") = "GestionDesStagePS.Client", "GestionDesStagePS\Client\GestionDesStagePS.Client.csproj", "{2801C1B4-608C-49F5-BDE4-DE5FE25C4D26}"
EndProject
Project("{9A19103F-16F7-4668-BE54-9A1E7A4F7556}") = "GestionDesStagePS.Shared", "GestionDesStagePS\Shared\GestionDesStagePS.Shared.csproj", "{43AD1406-F9ED-44A0-8E76-CD1C8A116CAE}"
EndProject
Global
	GlobalSection(SolutionConfigurationPlatforms) = preSolution
		Debug|Any CPU = Debug|Any CPU
		Release|Any CPU = Release|Any CPU
	EndGlobalSection
	GlobalSection(ProjectConfigurationPlatforms) = postSolution
		{8B9955E6-4831-4EEF-A417-C0FF72F02A23}.Debug|Any CPU.ActiveCfg = Debug|Any CPU
		{8B9955E6-4831-4EEF-A417-C0FF72F02A23}.Debug|Any CPU.Build.0 = Debug|Any CPU
		{8B9955E6-4831-4EEF-A417-C0FF72F02A23}.Release|Any CPU.ActiveCfg = Release|Any CPU
		{8B9955E6-4831-4EEF-A417-C0FF72F02A23}.Release|Any CPU.Build.0 = Release|Any CPU
		{2801C1B4-608C-49F5-BDE4-DE5FE25C4D26}.Debug|Any CPU.ActiveCfg = Debug|Any CPU
		{2801C1B4-608C-49F5-BDE4-DE5FE25C4D26}.Debug|Any CPU.Build.0 = Debug|Any CPU
		{2801C1B4-608C-49F5-BDE4-DE5FE25C4D26}.Release|Any CPU.ActiveCfg = Release|Any CPU
		{2801C1B4-608C-49F5-BDE4-DE5FE25C4D26}.Release|Any CPU.Build.0 = Release|Any CPU
		{43AD1406-F9ED-44A0-8E76-CD1C8A116CAE}.Debug|Any CPU.ActiveCfg = Debug|Any CPU
		{43AD1406-F9ED-44A0-8E76-CD1C8A116CAE}.Debug|Any CPU.Build.0 = Debug|Any CPU
		{43AD1406-F9ED-44A0-8E76-CD1C8A116CAE}.Release|Any CPU.ActiveCfg = Release|Any CPU
		{43AD1406-F9ED-44A0-8E76-CD1C8A116CAE}.Release|Any CPU.Build.0 = Release|Any CPU
	EndGlobalSection
	GlobalSection(SolutionProperties) = preSolution
		HideSolutionNode = FALSE
	EndGlobalSection
	GlobalSection(ExtensibilityGlobals) = postSolution
		SolutionGuid = {D6ABBFD1-27D2-4FFA-BCC8-16BD06AD62E5}
	EndGlobalSection
EndGlobal
